
Microsoft Visual Studio Solution File, Format Version 12.00
# Visual Studio 15
VisualStudioVersion = 15.0.28307.271
MinimumVisualStudioVersion = 10.0.40219.1
Project("{FAE04EC0-301F-11D3-BF4B-00C04F79EFBC}") = "HackathonMovingHelper", "HackathonMovingHelper\HackathonMovingHelper.csproj", "{004ECFC1-8D4A-43D1-9BB1-651D5D8E3B3E}"
EndProject
Global
	GlobalSection(SolutionConfigurationPlatforms) = preSolution
		Debug|Any CPU = Debug|Any CPU
		Release|Any CPU = Release|Any CPU
	EndGlobalSection
	GlobalSection(ProjectConfigurationPlatforms) = postSolution
		{004ECFC1-8D4A-43D1-9BB1-651D5D8E3B3E}.Debug|Any CPU.ActiveCfg = Debug|Any CPU
		{004ECFC1-8D4A-43D1-9BB1-651D5D8E3B3E}.Debug|Any CPU.Build.0 = Debug|Any CPU
		{004ECFC1-8D4A-43D1-9BB1-651D5D8E3B3E}.Release|Any CPU.ActiveCfg = Release|Any CPU
		{004ECFC1-8D4A-43D1-9BB1-651D5D8E3B3E}.Release|Any CPU.Build.0 = Release|Any CPU
	EndGlobalSection
	GlobalSection(SolutionProperties) = preSolution
		HideSolutionNode = FALSE
	EndGlobalSection
	GlobalSection(ExtensibilityGlobals) = postSolution
		SolutionGuid = {3167C3DE-10C8-4913-8513-C1B10002A8EA}
	EndGlobalSection
EndGlobal
